Microsoft Visual Studio Solution File, Format Version 12.00
# Visual Studio Version 17
VisualStudioVersion = 17.8.0.0
MinimumVisualStudioVersion = 17.8.0.0
Project("{2150E333-8FDC-42A3-9474-1A3956D46DE8}") = "src", "src", "{2B86BF74-1991-4852-A681-D3AD3F402161}"
EndProject
Project("{2150E333-8FDC-42A3-9474-1A3956D46DE8}") = "tests", "tests", "{A519908E-3B25-41AC-9072-C25AD92B2ED1}"
EndProject
Project("{2150E333-8FDC-42A3-9474-1A3956D46DE8}") = "SolutionItems", "SolutionItems", "{A1E5FE9C-0B1E-43D2-AC7C-3AC3C6858F8C}"
	ProjectSection(SolutionItems) = preProject
		.editorconfig = .editorconfig
		.gitattributes = .gitattributes
		.gitignore = .gitignore
		global.json = global.json
		Rules.ruleset = Rules.ruleset
		Directory.Build.props = Directory.Build.props
		README.md = README.md
	EndProjectSection
EndProject
Project("{FAE04EC0-301F-11D3-BF4B-00C04F79EFBC}") = "EchoSphere.ApiGateway", "src\EchoSphere.ApiGateway\EchoSphere.ApiGateway.csproj", "{084C7B12-A7C9-434D-97D6-CE3ACD9EF031}"
EndProject
Project("{FAE04EC0-301F-11D3-BF4B-00C04F79EFBC}") = "EchoSphere.AppHost", "src\EchoSphere.AppHost\EchoSphere.AppHost.csproj", "{99BB4481-0B83-4FEF-9774-D3C9B27D7D55}"
EndProject
Project("{FAE04EC0-301F-11D3-BF4B-00C04F79EFBC}") = "EchoSphere.ServiceDefaults", "src\EchoSphere.ServiceDefaults\EchoSphere.ServiceDefaults.csproj", "{A99A36B7-4B3E-4101-9F11-3F3FC52B3C1A}"
EndProject
Project("{FAE04EC0-301F-11D3-BF4B-00C04F79EFBC}") = "EchoSphere.Web", "src\EchoSphere.Web\EchoSphere.Web.csproj", "{604A3990-2DCE-4032-A3D4-6183925DD4B0}"
EndProject
Project("{FAE04EC0-301F-11D3-BF4B-00C04F79EFBC}") = "EchoSphere.Tests", "tests\EchoSphere.Tests\EchoSphere.Tests.csproj", "{1E9270CD-E07E-4783-A730-889B81D6BC55}"
EndProject
Project("{FAE04EC0-301F-11D3-BF4B-00C04F79EFBC}") = "EchoSphere.Messages.Api", "src\EchoSphere.Messages.Api\EchoSphere.Messages.Api.csproj", "{F770F33B-F968-4306-A9F9-BC4EF24732C1}"
EndProject
Project("{2150E333-8FDC-42A3-9474-1A3956D46DE8}") = "Messages", "Messages", "{2072193D-A7CE-4420-B47F-D680051CE395}"
EndProject
Project("{FAE04EC0-301F-11D3-BF4B-00C04F79EFBC}") = "EchoSphere.Messages.Client", "src\EchoSphere.Messages.Client\EchoSphere.Messages.Client.csproj", "{19567022-ABE8-4D9C-B761-B0002DA286D0}"
EndProject
Project("{2150E333-8FDC-42A3-9474-1A3956D46DE8}") = "Users", "Users", "{16C0D833-9AC3-411C-ADBF-7496125A4F22}"
EndProject
Project("{FAE04EC0-301F-11D3-BF4B-00C04F79EFBC}") = "EchoSphere.Users.Api", "src\EchoSphere.Users.Api\EchoSphere.Users.Api.csproj", "{96BAABF2-C1C9-4F0A-B41C-87E0D8FE7091}"
EndProject
Project("{2150E333-8FDC-42A3-9474-1A3956D46DE8}") = "Aspire", "Aspire", "{8968878C-C3A5-4B71-9E19-7BC2EFEC5EF7}"
EndProject
Project("{2150E333-8FDC-42A3-9474-1A3956D46DE8}") = "Infrastructure", "Infrastructure", "{B05A24C9-6E4C-444C-B162-34ED1A9A9C3A}"
EndProject
Project("{FAE04EC0-301F-11D3-BF4B-00C04F79EFBC}") = "EchoSphere.Infrastructure.Db", "src\EchoSphere.Infrastructure.Db\EchoSphere.Infrastructure.Db.csproj", "{6CEC856C-2440-484F-A055-AB4EADDB9CA6}"
EndProject
Project("{FAE04EC0-301F-11D3-BF4B-00C04F79EFBC}") = "EchoSphere.Infrastructure.Hosting", "src\EchoSphere.Infrastructure.Hosting\EchoSphere.Infrastructure.Hosting.csproj", "{BD027CA5-83DC-4B7D-866B-72D1C2009337}"
EndProject
Project("{FAE04EC0-301F-11D3-BF4B-00C04F79EFBC}") = "EchoSphere.Users.Client", "src\EchoSphere.Users.Client\EchoSphere.Users.Client.csproj", "{B107DAB3-32BA-48B0-B7A3-5CFC69389D54}"
EndProject
Project("{2150E333-8FDC-42A3-9474-1A3956D46DE8}") = "Accounts", "Accounts", "{DAFC15A7-C7B4-4A74-A54C-742E949DE8B2}"
EndProject
Project("{FAE04EC0-301F-11D3-BF4B-00C04F79EFBC}") = "EchoSphere.Accounts.WebApp", "src\EchoSphere.Accounts.WebApp\EchoSphere.Accounts.WebApp.csproj", "{E3AD1409-6801-45F3-9895-A51599BEFB76}"
EndProject
Project("{FAE04EC0-301F-11D3-BF4B-00C04F79EFBC}") = "EchoSphere.Accounts.WebApp.Client", "src\EchoSphere.Accounts.WebApp.Client\EchoSphere.Accounts.WebApp.Client.csproj", "{9ACFB04E-6C9B-4088-B2A0-496F73F83715}"
EndProject
Project("{FAE04EC0-301F-11D3-BF4B-00C04F79EFBC}") = "EchoSphere.BlazorShared", "src\EchoSphere.BlazorShared\EchoSphere.BlazorShared.csproj", "{68A07EAF-217F-4438-9C02-0C93A1CFC32B}"
EndProject
Project("{2150E333-8FDC-42A3-9474-1A3956D46DE8}") = "ApiGateway", "ApiGateway", "{B15BEA9A-38DB-43E8-9EFA-3631B1817D7F}"
EndProject
Project("{2150E333-8FDC-42A3-9474-1A3956D46DE8}") = "Shared", "Shared", "{84F702C5-B09D-406D-AA25-B8945999B2E4}"
EndProject
Project("{FAE04EC0-301F-11D3-BF4B-00C04F79EFBC}") = "EchoSphere.Messages.Abstractions", "src\EchoSphere.Messages.Abstractions\EchoSphere.Messages.Abstractions.csproj", "{F443AC3C-1AC0-4A8D-B88F-D091398739A8}"
EndProject
Project("{FAE04EC0-301F-11D3-BF4B-00C04F79EFBC}") = "EchoSphere.Users.Abstractions", "src\EchoSphere.Users.Abstractions\EchoSphere.Users.Abstractions.csproj", "{4E3763FB-F39F-4BD2-AE28-252043E19841}"
EndProject
Project("{FAE04EC0-301F-11D3-BF4B-00C04F79EFBC}") = "EchoSphere.ApiGateway.Contracts", "src\EchoSphere.ApiGateway.Contracts\EchoSphere.ApiGateway.Contracts.csproj", "{F233861E-02BD-4322-9944-F3714601F3B3}"
EndProject
Project("{FAE04EC0-301F-11D3-BF4B-00C04F79EFBC}") = "EchoSphere.ApiGateway.Client", "src\EchoSphere.ApiGateway.Client\EchoSphere.ApiGateway.Client.csproj", "{DEAF6558-6031-4C2E-8F3D-7F4041F511C1}"
EndProject
Project("{2150E333-8FDC-42A3-9474-1A3956D46DE8}") = "Posts", "Posts", "{9578D2CD-13EB-4FF1-8048-48C7B7526995}"
EndProject
Project("{FAE04EC0-301F-11D3-BF4B-00C04F79EFBC}") = "EchoSphere.Posts.Abstractions", "src\EchoSphere.Posts.Abstractions\EchoSphere.Posts.Abstractions.csproj", "{CE093162-2127-4469-BEF8-F233D45AEE88}"
EndProject
Project("{FAE04EC0-301F-11D3-BF4B-00C04F79EFBC}") = "EchoSphere.Posts.Api", "src\EchoSphere.Posts.Api\EchoSphere.Posts.Api.csproj", "{1B1B388C-2CCD-4F81-842C-F2E63FF2F70C}"
EndProject
Project("{FAE04EC0-301F-11D3-BF4B-00C04F79EFBC}") = "EchoSphere.Posts.Client", "src\EchoSphere.Posts.Client\EchoSphere.Posts.Client.csproj", "{2102A507-EC71-4919-9B29-E9751DA9666D}"
EndProject
Project("{FAE04EC0-301F-11D3-BF4B-00C04F79EFBC}") = "EchoSphere.Domain.Abstractions", "src\EchoSphere.Domain.Abstractions\EchoSphere.Domain.Abstractions.csproj", "{AEE98BD7-AE90-4BF7-A621-7A6EC294DEEB}"
EndProject
Project("{FAE04EC0-301F-11D3-BF4B-00C04F79EFBC}") = "EchoSphere.Domain.LinqToDb", "src\EchoSphere.Domain.LinqToDb\EchoSphere.Domain.LinqToDb.csproj", "{9C3ABF43-834C-4B68-BA2E-2B4FB796D308}"
EndProject
Project("{FAE04EC0-301F-11D3-BF4B-00C04F79EFBC}") = "EchoSphere.GrpcClientShared", "src\EchoSphere.GrpcClientShared\EchoSphere.GrpcClientShared.csproj", "{BB06A71E-CABE-43A0-B01C-328B14A0694B}"
EndProject
Project("{FAE04EC0-301F-11D3-BF4B-00C04F79EFBC}") = "EchoSphere.GrpcShared", "src\EchoSphere.GrpcShared\EchoSphere.GrpcShared.csproj", "{405B3D54-6B57-4037-9A55-684378739383}"
EndProject
Project("{FAE04EC0-301F-11D3-BF4B-00C04F79EFBC}") = "EchoSphere.Domain.AspNetCore", "src\EchoSphere.Domain.AspNetCore\EchoSphere.Domain.AspNetCore.csproj", "{7EA6C148-4E32-4822-BC69-0E897A87513D}"
EndProject
Project("{FAE04EC0-301F-11D3-BF4B-00C04F79EFBC}") = "EchoSphere.Infrastructure.IntegrationEvents", "src\EchoSphere.Infrastructure.IntegrationEvents\EchoSphere.Infrastructure.IntegrationEvents.csproj", "{C48C9B32-0186-4716-96D4-A8893E6A0A6A}"
EndProject
Project("{FAE04EC0-301F-11D3-BF4B-00C04F79EFBC}") = "EchoSphere.Infrastructure.IntegrationEvents.Tests", "tests\EchoSphere.Infrastructure.IntegrationEvents.Tests\EchoSphere.Infrastructure.IntegrationEvents.Tests.csproj", "{419AF003-7689-435F-8BE1-478EC20CC756}"
EndProject
Global
	GlobalSection(SolutionConfigurationPlatforms) = preSolution
		Debug|Any CPU = Debug|Any CPU
		Release|Any CPU = Release|Any CPU
	EndGlobalSection
	GlobalSection(ProjectConfigurationPlatforms) = postSolution
		{084C7B12-A7C9-434D-97D6-CE3ACD9EF031}.Debug|Any CPU.ActiveCfg = Debug|Any CPU
		{084C7B12-A7C9-434D-97D6-CE3ACD9EF031}.Debug|Any CPU.Build.0 = Debug|Any CPU
		{084C7B12-A7C9-434D-97D6-CE3ACD9EF031}.Release|Any CPU.ActiveCfg = Release|Any CPU
		{084C7B12-A7C9-434D-97D6-CE3ACD9EF031}.Release|Any CPU.Build.0 = Release|Any CPU
		{99BB4481-0B83-4FEF-9774-D3C9B27D7D55}.Debug|Any CPU.ActiveCfg = Debug|Any CPU
		{99BB4481-0B83-4FEF-9774-D3C9B27D7D55}.Debug|Any CPU.Build.0 = Debug|Any CPU
		{99BB4481-0B83-4FEF-9774-D3C9B27D7D55}.Release|Any CPU.ActiveCfg = Release|Any CPU
		{99BB4481-0B83-4FEF-9774-D3C9B27D7D55}.Release|Any CPU.Build.0 = Release|Any CPU
		{A99A36B7-4B3E-4101-9F11-3F3FC52B3C1A}.Debug|Any CPU.ActiveCfg = Debug|Any CPU
		{A99A36B7-4B3E-4101-9F11-3F3FC52B3C1A}.Debug|Any CPU.Build.0 = Debug|Any CPU
		{A99A36B7-4B3E-4101-9F11-3F3FC52B3C1A}.Release|Any CPU.ActiveCfg = Release|Any CPU
		{A99A36B7-4B3E-4101-9F11-3F3FC52B3C1A}.Release|Any CPU.Build.0 = Release|Any CPU
		{604A3990-2DCE-4032-A3D4-6183925DD4B0}.Debug|Any CPU.ActiveCfg = Debug|Any CPU
		{604A3990-2DCE-4032-A3D4-6183925DD4B0}.Debug|Any CPU.Build.0 = Debug|Any CPU
		{604A3990-2DCE-4032-A3D4-6183925DD4B0}.Release|Any CPU.ActiveCfg = Release|Any CPU
		{604A3990-2DCE-4032-A3D4-6183925DD4B0}.Release|Any CPU.Build.0 = Release|Any CPU
		{1E9270CD-E07E-4783-A730-889B81D6BC55}.Debug|Any CPU.ActiveCfg = Debug|Any CPU
		{1E9270CD-E07E-4783-A730-889B81D6BC55}.Debug|Any CPU.Build.0 = Debug|Any CPU
		{1E9270CD-E07E-4783-A730-889B81D6BC55}.Release|Any CPU.ActiveCfg = Release|Any CPU
		{1E9270CD-E07E-4783-A730-889B81D6BC55}.Release|Any CPU.Build.0 = Release|Any CPU
		{F770F33B-F968-4306-A9F9-BC4EF24732C1}.Debug|Any CPU.ActiveCfg = Debug|Any CPU
		{F770F33B-F968-4306-A9F9-BC4EF24732C1}.Debug|Any CPU.Build.0 = Debug|Any CPU
		{F770F33B-F968-4306-A9F9-BC4EF24732C1}.Release|Any CPU.ActiveCfg = Release|Any CPU
		{F770F33B-F968-4306-A9F9-BC4EF24732C1}.Release|Any CPU.Build.0 = Release|Any CPU
		{19567022-ABE8-4D9C-B761-B0002DA286D0}.Debug|Any CPU.ActiveCfg = Debug|Any CPU
		{19567022-ABE8-4D9C-B761-B0002DA286D0}.Debug|Any CPU.Build.0 = Debug|Any CPU
		{19567022-ABE8-4D9C-B761-B0002DA286D0}.Release|Any CPU.ActiveCfg = Release|Any CPU
		{19567022-ABE8-4D9C-B761-B0002DA286D0}.Release|Any CPU.Build.0 = Release|Any CPU
		{96BAABF2-C1C9-4F0A-B41C-87E0D8FE7091}.Debug|Any CPU.ActiveCfg = Debug|Any CPU
		{96BAABF2-C1C9-4F0A-B41C-87E0D8FE7091}.Debug|Any CPU.Build.0 = Debug|Any CPU
		{96BAABF2-C1C9-4F0A-B41C-87E0D8FE7091}.Release|Any CPU.ActiveCfg = Release|Any CPU
		{96BAABF2-C1C9-4F0A-B41C-87E0D8FE7091}.Release|Any CPU.Build.0 = Release|Any CPU
		{6CEC856C-2440-484F-A055-AB4EADDB9CA6}.Debug|Any CPU.ActiveCfg = Debug|Any CPU
		{6CEC856C-2440-484F-A055-AB4EADDB9CA6}.Debug|Any CPU.Build.0 = Debug|Any CPU
		{6CEC856C-2440-484F-A055-AB4EADDB9CA6}.Release|Any CPU.ActiveCfg = Release|Any CPU
		{6CEC856C-2440-484F-A055-AB4EADDB9CA6}.Release|Any CPU.Build.0 = Release|Any CPU
		{BD027CA5-83DC-4B7D-866B-72D1C2009337}.Debug|Any CPU.ActiveCfg = Debug|Any CPU
		{BD027CA5-83DC-4B7D-866B-72D1C2009337}.Debug|Any CPU.Build.0 = Debug|Any CPU
		{BD027CA5-83DC-4B7D-866B-72D1C2009337}.Release|Any CPU.ActiveCfg = Release|Any CPU
		{BD027CA5-83DC-4B7D-866B-72D1C2009337}.Release|Any CPU.Build.0 = Release|Any CPU
		{B107DAB3-32BA-48B0-B7A3-5CFC69389D54}.Debug|Any CPU.ActiveCfg = Debug|Any CPU
		{B107DAB3-32BA-48B0-B7A3-5CFC69389D54}.Debug|Any CPU.Build.0 = Debug|Any CPU
		{B107DAB3-32BA-48B0-B7A3-5CFC69389D54}.Release|Any CPU.ActiveCfg = Release|Any CPU
		{B107DAB3-32BA-48B0-B7A3-5CFC69389D54}.Release|Any CPU.Build.0 = Release|Any CPU
		{E3AD1409-6801-45F3-9895-A51599BEFB76}.Debug|Any CPU.ActiveCfg = Debug|Any CPU
		{E3AD1409-6801-45F3-9895-A51599BEFB76}.Debug|Any CPU.Build.0 = Debug|Any CPU
		{E3AD1409-6801-45F3-9895-A51599BEFB76}.Release|Any CPU.ActiveCfg = Release|Any CPU
		{E3AD1409-6801-45F3-9895-A51599BEFB76}.Release|Any CPU.Build.0 = Release|Any CPU
		{9ACFB04E-6C9B-4088-B2A0-496F73F83715}.Debug|Any CPU.ActiveCfg = Debug|Any CPU
		{9ACFB04E-6C9B-4088-B2A0-496F73F83715}.Debug|Any CPU.Build.0 = Debug|Any CPU
		{9ACFB04E-6C9B-4088-B2A0-496F73F83715}.Release|Any CPU.ActiveCfg = Release|Any CPU
		{9ACFB04E-6C9B-4088-B2A0-496F73F83715}.Release|Any CPU.Build.0 = Release|Any CPU
		{68A07EAF-217F-4438-9C02-0C93A1CFC32B}.Debug|Any CPU.ActiveCfg = Debug|Any CPU
		{68A07EAF-217F-4438-9C02-0C93A1CFC32B}.Debug|Any CPU.Build.0 = Debug|Any CPU
		{68A07EAF-217F-4438-9C02-0C93A1CFC32B}.Release|Any CPU.ActiveCfg = Release|Any CPU
		{68A07EAF-217F-4438-9C02-0C93A1CFC32B}.Release|Any CPU.Build.0 = Release|Any CPU
		{F443AC3C-1AC0-4A8D-B88F-D091398739A8}.Debug|Any CPU.ActiveCfg = Debug|Any CPU
		{F443AC3C-1AC0-4A8D-B88F-D091398739A8}.Debug|Any CPU.Build.0 = Debug|Any CPU
		{F443AC3C-1AC0-4A8D-B88F-D091398739A8}.Release|Any CPU.ActiveCfg = Release|Any CPU
		{F443AC3C-1AC0-4A8D-B88F-D091398739A8}.Release|Any CPU.Build.0 = Release|Any CPU
		{4E3763FB-F39F-4BD2-AE28-252043E19841}.Debug|Any CPU.ActiveCfg = Debug|Any CPU
		{4E3763FB-F39F-4BD2-AE28-252043E19841}.Debug|Any CPU.Build.0 = Debug|Any CPU
		{4E3763FB-F39F-4BD2-AE28-252043E19841}.Release|Any CPU.ActiveCfg = Release|Any CPU
		{4E3763FB-F39F-4BD2-AE28-252043E19841}.Release|Any CPU.Build.0 = Release|Any CPU
		{F233861E-02BD-4322-9944-F3714601F3B3}.Debug|Any CPU.ActiveCfg = Debug|Any CPU
		{F233861E-02BD-4322-9944-F3714601F3B3}.Debug|Any CPU.Build.0 = Debug|Any CPU
		{F233861E-02BD-4322-9944-F3714601F3B3}.Release|Any CPU.ActiveCfg = Release|Any CPU
		{F233861E-02BD-4322-9944-F3714601F3B3}.Release|Any CPU.Build.0 = Release|Any CPU
		{DEAF6558-6031-4C2E-8F3D-7F4041F511C1}.Debug|Any CPU.ActiveCfg = Debug|Any CPU
		{DEAF6558-6031-4C2E-8F3D-7F4041F511C1}.Debug|Any CPU.Build.0 = Debug|Any CPU
		{DEAF6558-6031-4C2E-8F3D-7F4041F511C1}.Release|Any CPU.ActiveCfg = Release|Any CPU
		{DEAF6558-6031-4C2E-8F3D-7F4041F511C1}.Release|Any CPU.Build.0 = Release|Any CPU
		{CE093162-2127-4469-BEF8-F233D45AEE88}.Debug|Any CPU.ActiveCfg = Debug|Any CPU
		{CE093162-2127-4469-BEF8-F233D45AEE88}.Debug|Any CPU.Build.0 = Debug|Any CPU
		{CE093162-2127-4469-BEF8-F233D45AEE88}.Release|Any CPU.ActiveCfg = Release|Any CPU
		{CE093162-2127-4469-BEF8-F233D45AEE88}.Release|Any CPU.Build.0 = Release|Any CPU
		{1B1B388C-2CCD-4F81-842C-F2E63FF2F70C}.Debug|Any CPU.ActiveCfg = Debug|Any CPU
		{1B1B388C-2CCD-4F81-842C-F2E63FF2F70C}.Debug|Any CPU.Build.0 = Debug|Any CPU
		{1B1B388C-2CCD-4F81-842C-F2E63FF2F70C}.Release|Any CPU.ActiveCfg = Release|Any CPU
		{1B1B388C-2CCD-4F81-842C-F2E63FF2F70C}.Release|Any CPU.Build.0 = Release|Any CPU
		{2102A507-EC71-4919-9B29-E9751DA9666D}.Debug|Any CPU.ActiveCfg = Debug|Any CPU
		{2102A507-EC71-4919-9B29-E9751DA9666D}.Debug|Any CPU.Build.0 = Debug|Any CPU
		{2102A507-EC71-4919-9B29-E9751DA9666D}.Release|Any CPU.ActiveCfg = Release|Any CPU
		{2102A507-EC71-4919-9B29-E9751DA9666D}.Release|Any CPU.Build.0 = Release|Any CPU
		{AEE98BD7-AE90-4BF7-A621-7A6EC294DEEB}.Debug|Any CPU.ActiveCfg = Debug|Any CPU
		{AEE98BD7-AE90-4BF7-A621-7A6EC294DEEB}.Debug|Any CPU.Build.0 = Debug|Any CPU
		{AEE98BD7-AE90-4BF7-A621-7A6EC294DEEB}.Release|Any CPU.ActiveCfg = Release|Any CPU
		{AEE98BD7-AE90-4BF7-A621-7A6EC294DEEB}.Release|Any CPU.Build.0 = Release|Any CPU
		{9C3ABF43-834C-4B68-BA2E-2B4FB796D308}.Debug|Any CPU.ActiveCfg = Debug|Any CPU
		{9C3ABF43-834C-4B68-BA2E-2B4FB796D308}.Debug|Any CPU.Build.0 = Debug|Any CPU
		{9C3ABF43-834C-4B68-BA2E-2B4FB796D308}.Release|Any CPU.ActiveCfg = Release|Any CPU
		{9C3ABF43-834C-4B68-BA2E-2B4FB796D308}.Release|Any CPU.Build.0 = Release|Any CPU
		{BB06A71E-CABE-43A0-B01C-328B14A0694B}.Debug|Any CPU.ActiveCfg = Debug|Any CPU
		{BB06A71E-CABE-43A0-B01C-328B14A0694B}.Debug|Any CPU.Build.0 = Debug|Any CPU
		{BB06A71E-CABE-43A0-B01C-328B14A0694B}.Release|Any CPU.ActiveCfg = Release|Any CPU
		{BB06A71E-CABE-43A0-B01C-328B14A0694B}.Release|Any CPU.Build.0 = Release|Any CPU
		{405B3D54-6B57-4037-9A55-684378739383}.Debug|Any CPU.ActiveCfg = Debug|Any CPU
		{405B3D54-6B57-4037-9A55-684378739383}.Debug|Any CPU.Build.0 = Debug|Any CPU
		{405B3D54-6B57-4037-9A55-684378739383}.Release|Any CPU.ActiveCfg = Release|Any CPU
		{405B3D54-6B57-4037-9A55-684378739383}.Release|Any CPU.Build.0 = Release|Any CPU
		{7EA6C148-4E32-4822-BC69-0E897A87513D}.Debug|Any CPU.ActiveCfg = Debug|Any CPU
		{7EA6C148-4E32-4822-BC69-0E897A87513D}.Debug|Any CPU.Build.0 = Debug|Any CPU
		{7EA6C148-4E32-4822-BC69-0E897A87513D}.Release|Any CPU.ActiveCfg = Release|Any CPU
		{7EA6C148-4E32-4822-BC69-0E897A87513D}.Release|Any CPU.Build.0 = Release|Any CPU
		{C48C9B32-0186-4716-96D4-A8893E6A0A6A}.Debug|Any CPU.ActiveCfg = Debug|Any CPU
		{C48C9B32-0186-4716-96D4-A8893E6A0A6A}.Debug|Any CPU.Build.0 = Debug|Any CPU
		{C48C9B32-0186-4716-96D4-A8893E6A0A6A}.Release|Any CPU.ActiveCfg = Release|Any CPU
		{C48C9B32-0186-4716-96D4-A8893E6A0A6A}.Release|Any CPU.Build.0 = Release|Any CPU
		{419AF003-7689-435F-8BE1-478EC20CC756}.Debug|Any CPU.ActiveCfg = Debug|Any CPU
		{419AF003-7689-435F-8BE1-478EC20CC756}.Debug|Any CPU.Build.0 = Debug|Any CPU
		{419AF003-7689-435F-8BE1-478EC20CC756}.Release|Any CPU.ActiveCfg = Release|Any CPU
		{419AF003-7689-435F-8BE1-478EC20CC756}.Release|Any CPU.Build.0 = Release|Any CPU
	EndGlobalSection
	GlobalSection(SolutionProperties) = preSolution
		HideSolutionNode = FALSE
	EndGlobalSection
	GlobalSection(ExtensibilityGlobals) = postSolution
		SolutionGuid = {BB53C7E6-FCAA-4D51-9D3C-7EEF3A93846D}
	EndGlobalSection
	GlobalSection(NestedProjects) = preSolution
		{604A3990-2DCE-4032-A3D4-6183925DD4B0} = {2B86BF74-1991-4852-A681-D3AD3F402161}
		{1E9270CD-E07E-4783-A730-889B81D6BC55} = {A519908E-3B25-41AC-9072-C25AD92B2ED1}
		{2072193D-A7CE-4420-B47F-D680051CE395} = {2B86BF74-1991-4852-A681-D3AD3F402161}
		{F770F33B-F968-4306-A9F9-BC4EF24732C1} = {2072193D-A7CE-4420-B47F-D680051CE395}
		{19567022-ABE8-4D9C-B761-B0002DA286D0} = {2072193D-A7CE-4420-B47F-D680051CE395}
		{16C0D833-9AC3-411C-ADBF-7496125A4F22} = {2B86BF74-1991-4852-A681-D3AD3F402161}
		{96BAABF2-C1C9-4F0A-B41C-87E0D8FE7091} = {16C0D833-9AC3-411C-ADBF-7496125A4F22}
		{8968878C-C3A5-4B71-9E19-7BC2EFEC5EF7} = {2B86BF74-1991-4852-A681-D3AD3F402161}
		{99BB4481-0B83-4FEF-9774-D3C9B27D7D55} = {8968878C-C3A5-4B71-9E19-7BC2EFEC5EF7}
		{A99A36B7-4B3E-4101-9F11-3F3FC52B3C1A} = {8968878C-C3A5-4B71-9E19-7BC2EFEC5EF7}
		{B05A24C9-6E4C-444C-B162-34ED1A9A9C3A} = {2B86BF74-1991-4852-A681-D3AD3F402161}
		{6CEC856C-2440-484F-A055-AB4EADDB9CA6} = {B05A24C9-6E4C-444C-B162-34ED1A9A9C3A}
		{BD027CA5-83DC-4B7D-866B-72D1C2009337} = {B05A24C9-6E4C-444C-B162-34ED1A9A9C3A}
		{B107DAB3-32BA-48B0-B7A3-5CFC69389D54} = {16C0D833-9AC3-411C-ADBF-7496125A4F22}
		{DAFC15A7-C7B4-4A74-A54C-742E949DE8B2} = {2B86BF74-1991-4852-A681-D3AD3F402161}
		{E3AD1409-6801-45F3-9895-A51599BEFB76} = {DAFC15A7-C7B4-4A74-A54C-742E949DE8B2}
		{9ACFB04E-6C9B-4088-B2A0-496F73F83715} = {DAFC15A7-C7B4-4A74-A54C-742E949DE8B2}
		{B15BEA9A-38DB-43E8-9EFA-3631B1817D7F} = {2B86BF74-1991-4852-A681-D3AD3F402161}
		{084C7B12-A7C9-434D-97D6-CE3ACD9EF031} = {B15BEA9A-38DB-43E8-9EFA-3631B1817D7F}
		{84F702C5-B09D-406D-AA25-B8945999B2E4} = {2B86BF74-1991-4852-A681-D3AD3F402161}
		{68A07EAF-217F-4438-9C02-0C93A1CFC32B} = {84F702C5-B09D-406D-AA25-B8945999B2E4}
		{F443AC3C-1AC0-4A8D-B88F-D091398739A8} = {2072193D-A7CE-4420-B47F-D680051CE395}
		{4E3763FB-F39F-4BD2-AE28-252043E19841} = {16C0D833-9AC3-411C-ADBF-7496125A4F22}
		{F233861E-02BD-4322-9944-F3714601F3B3} = {B15BEA9A-38DB-43E8-9EFA-3631B1817D7F}
		{DEAF6558-6031-4C2E-8F3D-7F4041F511C1} = {B15BEA9A-38DB-43E8-9EFA-3631B1817D7F}
		{9578D2CD-13EB-4FF1-8048-48C7B7526995} = {2B86BF74-1991-4852-A681-D3AD3F402161}
		{CE093162-2127-4469-BEF8-F233D45AEE88} = {9578D2CD-13EB-4FF1-8048-48C7B7526995}
		{1B1B388C-2CCD-4F81-842C-F2E63FF2F70C} = {9578D2CD-13EB-4FF1-8048-48C7B7526995}
		{2102A507-EC71-4919-9B29-E9751DA9666D} = {9578D2CD-13EB-4FF1-8048-48C7B7526995}
		{AEE98BD7-AE90-4BF7-A621-7A6EC294DEEB} = {84F702C5-B09D-406D-AA25-B8945999B2E4}
		{9C3ABF43-834C-4B68-BA2E-2B4FB796D308} = {84F702C5-B09D-406D-AA25-B8945999B2E4}
		{BB06A71E-CABE-43A0-B01C-328B14A0694B} = {84F702C5-B09D-406D-AA25-B8945999B2E4}
		{405B3D54-6B57-4037-9A55-684378739383} = {84F702C5-B09D-406D-AA25-B8945999B2E4}
		{7EA6C148-4E32-4822-BC69-0E897A87513D} = {84F702C5-B09D-406D-AA25-B8945999B2E4}
		{C48C9B32-0186-4716-96D4-A8893E6A0A6A} = {B05A24C9-6E4C-444C-B162-34ED1A9A9C3A}
		{419AF003-7689-435F-8BE1-478EC20CC756} = {A519908E-3B25-41AC-9072-C25AD92B2ED1}
	EndGlobalSection
EndGlobal
